
Microsoft Visual Studio Solution File, Format Version 12.00
# Visual Studio 2012
Project("{FAE04EC0-301F-11D3-BF4B-00C04F79EFBC}") = "Risen.Server", "Risen.Server\Risen.Server.csproj", "{C5C997D3-C60D-4715-B648-323BE9960C07}"
EndProject
Project("{FAE04EC0-301F-11D3-BF4B-00C04F79EFBC}") = "Risen.Tests", "Risen.Tests\Risen.Tests.csproj", "{150117FA-C58C-497D-9865-92A9300A3492}"
EndProject
Project("{FAE04EC0-301F-11D3-BF4B-00C04F79EFBC}") = "Risen.ConsoleServer", "Risen.ConsoleServer\Risen.ConsoleServer.csproj", "{557DF5BB-439D-4ED7-B09C-BCB256566C48}"
EndProject
Project("{FAE04EC0-301F-11D3-BF4B-00C04F79EFBC}") = "Risen.Shared", "Risen.Shared\Risen.Shared.csproj", "{5A6F7B4D-B262-4FD8-8CB0-82CAA4CDCD71}"
EndProject
Project("{FAE04EC0-301F-11D3-BF4B-00C04F79EFBC}") = "Risen.LogQueueConsumer", "Risen.LogQueueConsumer\Risen.LogQueueConsumer.csproj", "{2E5C7210-3C96-483A-BF9F-86A3ACC9065C}"
EndProject
Project("{FAE04EC0-301F-11D3-BF4B-00C04F79EFBC}") = "Risen.Client", "Risen.Client\Risen.Client.csproj", "{FB3050B2-9AFC-4316-8E62-D7C794ACEB15}"
EndProject
Global
	GlobalSection(SolutionConfigurationPlatforms) = preSolution
		Android|Any CPU = Android|Any CPU
		Android|ARM = Android|ARM
		Android|Mixed Platforms = Android|Mixed Platforms
		Android|x64 = Android|x64
		Android|x86 = Android|x86
		Debug|Any CPU = Debug|Any CPU
		Debug|ARM = Debug|ARM
		Debug|Mixed Platforms = Debug|Mixed Platforms
		Debug|x64 = Debug|x64
		Debug|x86 = Debug|x86
		iOS|Any CPU = iOS|Any CPU
		iOS|ARM = iOS|ARM
		iOS|Mixed Platforms = iOS|Mixed Platforms
		iOS|x64 = iOS|x64
		iOS|x86 = iOS|x86
		Linux|Any CPU = Linux|Any CPU
		Linux|ARM = Linux|ARM
		Linux|Mixed Platforms = Linux|Mixed Platforms
		Linux|x64 = Linux|x64
		Linux|x86 = Linux|x86
		OSX|Any CPU = OSX|Any CPU
		OSX|ARM = OSX|ARM
		OSX|Mixed Platforms = OSX|Mixed Platforms
		OSX|x64 = OSX|x64
		OSX|x86 = OSX|x86
		PSM|Any CPU = PSM|Any CPU
		PSM|ARM = PSM|ARM
		PSM|Mixed Platforms = PSM|Mixed Platforms
		PSM|x64 = PSM|x64
		PSM|x86 = PSM|x86
		Release|Any CPU = Release|Any CPU
		Release|ARM = Release|ARM
		Release|Mixed Platforms = Release|Mixed Platforms
		Release|x64 = Release|x64
		Release|x86 = Release|x86
		Windows|Any CPU = Windows|Any CPU
		Windows|ARM = Windows|ARM
		Windows|Mixed Platforms = Windows|Mixed Platforms
		Windows|x64 = Windows|x64
		Windows|x86 = Windows|x86
		Windows8|Any CPU = Windows8|Any CPU
		Windows8|ARM = Windows8|ARM
		Windows8|Mixed Platforms = Windows8|Mixed Platforms
		Windows8|x64 = Windows8|x64
		Windows8|x86 = Windows8|x86
	EndGlobalSection
	GlobalSection(ProjectConfigurationPlatforms) = postSolution
		{C5C997D3-C60D-4715-B648-323BE9960C07}.Android|Any CPU.ActiveCfg = Release|Any CPU
		{C5C997D3-C60D-4715-B648-323BE9960C07}.Android|Any CPU.Build.0 = Release|Any CPU
		{C5C997D3-C60D-4715-B648-323BE9960C07}.Android|ARM.ActiveCfg = Release|Any CPU
		{C5C997D3-C60D-4715-B648-323BE9960C07}.Android|Mixed Platforms.ActiveCfg = Release|Any CPU
		{C5C997D3-C60D-4715-B648-323BE9960C07}.Android|Mixed Platforms.Build.0 = Release|Any CPU
		{C5C997D3-C60D-4715-B648-323BE9960C07}.Android|x64.ActiveCfg = Release|Any CPU
		{C5C997D3-C60D-4715-B648-323BE9960C07}.Android|x86.ActiveCfg = Release|Any CPU
		{C5C997D3-C60D-4715-B648-323BE9960C07}.Debug|Any CPU.ActiveCfg = Debug|Any CPU
		{C5C997D3-C60D-4715-B648-323BE9960C07}.Debug|Any CPU.Build.0 = Debug|Any CPU
		{C5C997D3-C60D-4715-B648-323BE9960C07}.Debug|ARM.ActiveCfg = Debug|Any CPU
		{C5C997D3-C60D-4715-B648-323BE9960C07}.Debug|Mixed Platforms.ActiveCfg = Debug|Any CPU
		{C5C997D3-C60D-4715-B648-323BE9960C07}.Debug|Mixed Platforms.Build.0 = Debug|Any CPU
		{C5C997D3-C60D-4715-B648-323BE9960C07}.Debug|x64.ActiveCfg = Debug|Any CPU
		{C5C997D3-C60D-4715-B648-323BE9960C07}.Debug|x86.ActiveCfg = Debug|Any CPU
		{C5C997D3-C60D-4715-B648-323BE9960C07}.iOS|Any CPU.ActiveCfg = Release|Any CPU
		{C5C997D3-C60D-4715-B648-323BE9960C07}.iOS|Any CPU.Build.0 = Release|Any CPU
		{C5C997D3-C60D-4715-B648-323BE9960C07}.iOS|ARM.ActiveCfg = Release|Any CPU
		{C5C997D3-C60D-4715-B648-323BE9960C07}.iOS|Mixed Platforms.ActiveCfg = Release|Any CPU
		{C5C997D3-C60D-4715-B648-323BE9960C07}.iOS|Mixed Platforms.Build.0 = Release|Any CPU
		{C5C997D3-C60D-4715-B648-323BE9960C07}.iOS|x64.ActiveCfg = Release|Any CPU
		{C5C997D3-C60D-4715-B648-323BE9960C07}.iOS|x86.ActiveCfg = Release|Any CPU
		{C5C997D3-C60D-4715-B648-323BE9960C07}.Linux|Any CPU.ActiveCfg = Release|Any CPU
		{C5C997D3-C60D-4715-B648-323BE9960C07}.Linux|Any CPU.Build.0 = Release|Any CPU
		{C5C997D3-C60D-4715-B648-323BE9960C07}.Linux|ARM.ActiveCfg = Release|Any CPU
		{C5C997D3-C60D-4715-B648-323BE9960C07}.Linux|Mixed Platforms.ActiveCfg = Release|Any CPU
		{C5C997D3-C60D-4715-B648-323BE9960C07}.Linux|Mixed Platforms.Build.0 = Release|Any CPU
		{C5C997D3-C60D-4715-B648-323BE9960C07}.Linux|x64.ActiveCfg = Release|Any CPU
		{C5C997D3-C60D-4715-B648-323BE9960C07}.Linux|x86.ActiveCfg = Release|Any CPU
		{C5C997D3-C60D-4715-B648-323BE9960C07}.OSX|Any CPU.ActiveCfg = Release|Any CPU
		{C5C997D3-C60D-4715-B648-323BE9960C07}.OSX|Any CPU.Build.0 = Release|Any CPU
		{C5C997D3-C60D-4715-B648-323BE9960C07}.OSX|ARM.ActiveCfg = Release|Any CPU
		{C5C997D3-C60D-4715-B648-323BE9960C07}.OSX|Mixed Platforms.ActiveCfg = Release|Any CPU
		{C5C997D3-C60D-4715-B648-323BE9960C07}.OSX|Mixed Platforms.Build.0 = Release|Any CPU
		{C5C997D3-C60D-4715-B648-323BE9960C07}.OSX|x64.ActiveCfg = Release|Any CPU
		{C5C997D3-C60D-4715-B648-323BE9960C07}.OSX|x86.ActiveCfg = Release|Any CPU
		{C5C997D3-C60D-4715-B648-323BE9960C07}.PSM|Any CPU.ActiveCfg = Release|Any CPU
		{C5C997D3-C60D-4715-B648-323BE9960C07}.PSM|Any CPU.Build.0 = Release|Any CPU
		{C5C997D3-C60D-4715-B648-323BE9960C07}.PSM|ARM.ActiveCfg = Release|Any CPU
		{C5C997D3-C60D-4715-B648-323BE9960C07}.PSM|Mixed Platforms.ActiveCfg = Release|Any CPU
		{C5C997D3-C60D-4715-B648-323BE9960C07}.PSM|Mixed Platforms.Build.0 = Release|Any CPU
		{C5C997D3-C60D-4715-B648-323BE9960C07}.PSM|x64.ActiveCfg = Release|Any CPU
		{C5C997D3-C60D-4715-B648-323BE9960C07}.PSM|x86.ActiveCfg = Release|Any CPU
		{C5C997D3-C60D-4715-B648-323BE9960C07}.Release|Any CPU.ActiveCfg = Release|Any CPU
		{C5C997D3-C60D-4715-B648-323BE9960C07}.Release|Any CPU.Build.0 = Release|Any CPU
		{C5C997D3-C60D-4715-B648-323BE9960C07}.Release|ARM.ActiveCfg = Release|Any CPU
		{C5C997D3-C60D-4715-B648-323BE9960C07}.Release|Mixed Platforms.ActiveCfg = Release|Any CPU
		{C5C997D3-C60D-4715-B648-323BE9960C07}.Release|Mixed Platforms.Build.0 = Release|Any CPU
		{C5C997D3-C60D-4715-B648-323BE9960C07}.Release|x64.ActiveCfg = Release|Any CPU
		{C5C997D3-C60D-4715-B648-323BE9960C07}.Release|x86.ActiveCfg = Release|Any CPU
		{C5C997D3-C60D-4715-B648-323BE9960C07}.Windows|Any CPU.ActiveCfg = Release|Any CPU
		{C5C997D3-C60D-4715-B648-323BE9960C07}.Windows|Any CPU.Build.0 = Release|Any CPU
		{C5C997D3-C60D-4715-B648-323BE9960C07}.Windows|ARM.ActiveCfg = Release|Any CPU
		{C5C997D3-C60D-4715-B648-323BE9960C07}.Windows|Mixed Platforms.ActiveCfg = Release|Any CPU
		{C5C997D3-C60D-4715-B648-323BE9960C07}.Windows|Mixed Platforms.Build.0 = Release|Any CPU
		{C5C997D3-C60D-4715-B648-323BE9960C07}.Windows|x64.ActiveCfg = Release|Any CPU
		{C5C997D3-C60D-4715-B648-323BE9960C07}.Windows|x86.ActiveCfg = Release|Any CPU
		{C5C997D3-C60D-4715-B648-323BE9960C07}.Windows8|Any CPU.ActiveCfg = Release|Any CPU
		{C5C997D3-C60D-4715-B648-323BE9960C07}.Windows8|Any CPU.Build.0 = Release|Any CPU
		{C5C997D3-C60D-4715-B648-323BE9960C07}.Windows8|ARM.ActiveCfg = Release|Any CPU
		{C5C997D3-C60D-4715-B648-323BE9960C07}.Windows8|Mixed Platforms.ActiveCfg = Release|Any CPU
		{C5C997D3-C60D-4715-B648-323BE9960C07}.Windows8|Mixed Platforms.Build.0 = Release|Any CPU
		{C5C997D3-C60D-4715-B648-323BE9960C07}.Windows8|x64.ActiveCfg = Release|Any CPU
		{C5C997D3-C60D-4715-B648-323BE9960C07}.Windows8|x86.ActiveCfg = Release|Any CPU
		{150117FA-C58C-497D-9865-92A9300A3492}.Android|Any CPU.ActiveCfg = Release|Any CPU
		{150117FA-C58C-497D-9865-92A9300A3492}.Android|Any CPU.Build.0 = Release|Any CPU
		{150117FA-C58C-497D-9865-92A9300A3492}.Android|ARM.ActiveCfg = Release|Any CPU
		{150117FA-C58C-497D-9865-92A9300A3492}.Android|Mixed Platforms.ActiveCfg = Release|Any CPU
		{150117FA-C58C-497D-9865-92A9300A3492}.Android|Mixed Platforms.Build.0 = Release|Any CPU
		{150117FA-C58C-497D-9865-92A9300A3492}.Android|x64.ActiveCfg = Release|Any CPU
		{150117FA-C58C-497D-9865-92A9300A3492}.Android|x86.ActiveCfg = Release|Any CPU
		{150117FA-C58C-497D-9865-92A9300A3492}.Debug|Any CPU.ActiveCfg = Debug|Any CPU
		{150117FA-C58C-497D-9865-92A9300A3492}.Debug|Any CPU.Build.0 = Debug|Any CPU
		{150117FA-C58C-497D-9865-92A9300A3492}.Debug|ARM.ActiveCfg = Debug|Any CPU
		{150117FA-C58C-497D-9865-92A9300A3492}.Debug|Mixed Platforms.ActiveCfg = Debug|Any CPU
		{150117FA-C58C-497D-9865-92A9300A3492}.Debug|Mixed Platforms.Build.0 = Debug|Any CPU
		{150117FA-C58C-497D-9865-92A9300A3492}.Debug|x64.ActiveCfg = Debug|Any CPU
		{150117FA-C58C-497D-9865-92A9300A3492}.Debug|x86.ActiveCfg = Debug|Any CPU
		{150117FA-C58C-497D-9865-92A9300A3492}.iOS|Any CPU.ActiveCfg = Release|Any CPU
		{150117FA-C58C-497D-9865-92A9300A3492}.iOS|Any CPU.Build.0 = Release|Any CPU
		{150117FA-C58C-497D-9865-92A9300A3492}.iOS|ARM.ActiveCfg = Release|Any CPU
		{150117FA-C58C-497D-9865-92A9300A3492}.iOS|Mixed Platforms.ActiveCfg = Release|Any CPU
		{150117FA-C58C-497D-9865-92A9300A3492}.iOS|Mixed Platforms.Build.0 = Release|Any CPU
		{150117FA-C58C-497D-9865-92A9300A3492}.iOS|x64.ActiveCfg = Release|Any CPU
		{150117FA-C58C-497D-9865-92A9300A3492}.iOS|x86.ActiveCfg = Release|Any CPU
		{150117FA-C58C-497D-9865-92A9300A3492}.Linux|Any CPU.ActiveCfg = Release|Any CPU
		{150117FA-C58C-497D-9865-92A9300A3492}.Linux|Any CPU.Build.0 = Release|Any CPU
		{150117FA-C58C-497D-9865-92A9300A3492}.Linux|ARM.ActiveCfg = Release|Any CPU
		{150117FA-C58C-497D-9865-92A9300A3492}.Linux|Mixed Platforms.ActiveCfg = Release|Any CPU
		{150117FA-C58C-497D-9865-92A9300A3492}.Linux|Mixed Platforms.Build.0 = Release|Any CPU
		{150117FA-C58C-497D-9865-92A9300A3492}.Linux|x64.ActiveCfg = Release|Any CPU
		{150117FA-C58C-497D-9865-92A9300A3492}.Linux|x86.ActiveCfg = Release|Any CPU
		{150117FA-C58C-497D-9865-92A9300A3492}.OSX|Any CPU.ActiveCfg = Release|Any CPU
		{150117FA-C58C-497D-9865-92A9300A3492}.OSX|Any CPU.Build.0 = Release|Any CPU
		{150117FA-C58C-497D-9865-92A9300A3492}.OSX|ARM.ActiveCfg = Release|Any CPU
		{150117FA-C58C-497D-9865-92A9300A3492}.OSX|Mixed Platforms.ActiveCfg = Release|Any CPU
		{150117FA-C58C-497D-9865-92A9300A3492}.OSX|Mixed Platforms.Build.0 = Release|Any CPU
		{150117FA-C58C-497D-9865-92A9300A3492}.OSX|x64.ActiveCfg = Release|Any CPU
		{150117FA-C58C-497D-9865-92A9300A3492}.OSX|x86.ActiveCfg = Release|Any CPU
		{150117FA-C58C-497D-9865-92A9300A3492}.PSM|Any CPU.ActiveCfg = Release|Any CPU
		{150117FA-C58C-497D-9865-92A9300A3492}.PSM|Any CPU.Build.0 = Release|Any CPU
		{150117FA-C58C-497D-9865-92A9300A3492}.PSM|ARM.ActiveCfg = Release|Any CPU
		{150117FA-C58C-497D-9865-92A9300A3492}.PSM|Mixed Platforms.ActiveCfg = Release|Any CPU
		{150117FA-C58C-497D-9865-92A9300A3492}.PSM|Mixed Platforms.Build.0 = Release|Any CPU
		{150117FA-C58C-497D-9865-92A9300A3492}.PSM|x64.ActiveCfg = Release|Any CPU
		{150117FA-C58C-497D-9865-92A9300A3492}.PSM|x86.ActiveCfg = Release|Any CPU
		{150117FA-C58C-497D-9865-92A9300A3492}.Release|Any CPU.ActiveCfg = Release|Any CPU
		{150117FA-C58C-497D-9865-92A9300A3492}.Release|Any CPU.Build.0 = Release|Any CPU
		{150117FA-C58C-497D-9865-92A9300A3492}.Release|ARM.ActiveCfg = Release|Any CPU
		{150117FA-C58C-497D-9865-92A9300A3492}.Release|Mixed Platforms.ActiveCfg = Release|Any CPU
		{150117FA-C58C-497D-9865-92A9300A3492}.Release|Mixed Platforms.Build.0 = Release|Any CPU
		{150117FA-C58C-497D-9865-92A9300A3492}.Release|x64.ActiveCfg = Release|Any CPU
		{150117FA-C58C-497D-9865-92A9300A3492}.Release|x86.ActiveCfg = Release|Any CPU
		{150117FA-C58C-497D-9865-92A9300A3492}.Windows|Any CPU.ActiveCfg = Release|Any CPU
		{150117FA-C58C-497D-9865-92A9300A3492}.Windows|Any CPU.Build.0 = Release|Any CPU
		{150117FA-C58C-497D-9865-92A9300A3492}.Windows|ARM.ActiveCfg = Release|Any CPU
		{150117FA-C58C-497D-9865-92A9300A3492}.Windows|Mixed Platforms.ActiveCfg = Release|Any CPU
		{150117FA-C58C-497D-9865-92A9300A3492}.Windows|Mixed Platforms.Build.0 = Release|Any CPU
		{150117FA-C58C-497D-9865-92A9300A3492}.Windows|x64.ActiveCfg = Release|Any CPU
		{150117FA-C58C-497D-9865-92A9300A3492}.Windows|x86.ActiveCfg = Release|Any CPU
		{150117FA-C58C-497D-9865-92A9300A3492}.Windows8|Any CPU.ActiveCfg = Release|Any CPU
		{150117FA-C58C-497D-9865-92A9300A3492}.Windows8|Any CPU.Build.0 = Release|Any CPU
		{150117FA-C58C-497D-9865-92A9300A3492}.Windows8|ARM.ActiveCfg = Release|Any CPU
		{150117FA-C58C-497D-9865-92A9300A3492}.Windows8|Mixed Platforms.ActiveCfg = Release|Any CPU
		{150117FA-C58C-497D-9865-92A9300A3492}.Windows8|Mixed Platforms.Build.0 = Release|Any CPU
		{150117FA-C58C-497D-9865-92A9300A3492}.Windows8|x64.ActiveCfg = Release|Any CPU
		{150117FA-C58C-497D-9865-92A9300A3492}.Windows8|x86.ActiveCfg = Release|Any CPU
		{557DF5BB-439D-4ED7-B09C-BCB256566C48}.Android|Any CPU.ActiveCfg = Release|Any CPU
		{557DF5BB-439D-4ED7-B09C-BCB256566C48}.Android|Any CPU.Build.0 = Release|Any CPU
		{557DF5BB-439D-4ED7-B09C-BCB256566C48}.Android|ARM.ActiveCfg = Release|Any CPU
		{557DF5BB-439D-4ED7-B09C-BCB256566C48}.Android|Mixed Platforms.ActiveCfg = Release|Any CPU
		{557DF5BB-439D-4ED7-B09C-BCB256566C48}.Android|Mixed Platforms.Build.0 = Release|Any CPU
		{557DF5BB-439D-4ED7-B09C-BCB256566C48}.Android|x64.ActiveCfg = Release|Any CPU
		{557DF5BB-439D-4ED7-B09C-BCB256566C48}.Android|x86.ActiveCfg = Release|Any CPU
		{557DF5BB-439D-4ED7-B09C-BCB256566C48}.Debug|Any CPU.ActiveCfg = Debug|Any CPU
		{557DF5BB-439D-4ED7-B09C-BCB256566C48}.Debug|Any CPU.Build.0 = Debug|Any CPU
		{557DF5BB-439D-4ED7-B09C-BCB256566C48}.Debug|ARM.ActiveCfg = Debug|Any CPU
		{557DF5BB-439D-4ED7-B09C-BCB256566C48}.Debug|Mixed Platforms.ActiveCfg = Debug|Any CPU
		{557DF5BB-439D-4ED7-B09C-BCB256566C48}.Debug|Mixed Platforms.Build.0 = Debug|Any CPU
		{557DF5BB-439D-4ED7-B09C-BCB256566C48}.Debug|x64.ActiveCfg = Debug|Any CPU
		{557DF5BB-439D-4ED7-B09C-BCB256566C48}.Debug|x86.ActiveCfg = Debug|Any CPU
		{557DF5BB-439D-4ED7-B09C-BCB256566C48}.iOS|Any CPU.ActiveCfg = Release|Any CPU
		{557DF5BB-439D-4ED7-B09C-BCB256566C48}.iOS|Any CPU.Build.0 = Release|Any CPU
		{557DF5BB-439D-4ED7-B09C-BCB256566C48}.iOS|ARM.ActiveCfg = Release|Any CPU
		{557DF5BB-439D-4ED7-B09C-BCB256566C48}.iOS|Mixed Platforms.ActiveCfg = Release|Any CPU
		{557DF5BB-439D-4ED7-B09C-BCB256566C48}.iOS|Mixed Platforms.Build.0 = Release|Any CPU
		{557DF5BB-439D-4ED7-B09C-BCB256566C48}.iOS|x64.ActiveCfg = Release|Any CPU
		{557DF5BB-439D-4ED7-B09C-BCB256566C48}.iOS|x86.ActiveCfg = Release|Any CPU
		{557DF5BB-439D-4ED7-B09C-BCB256566C48}.Linux|Any CPU.ActiveCfg = Release|Any CPU
		{557DF5BB-439D-4ED7-B09C-BCB256566C48}.Linux|Any CPU.Build.0 = Release|Any CPU
		{557DF5BB-439D-4ED7-B09C-BCB256566C48}.Linux|ARM.ActiveCfg = Release|Any CPU
		{557DF5BB-439D-4ED7-B09C-BCB256566C48}.Linux|Mixed Platforms.ActiveCfg = Release|Any CPU
		{557DF5BB-439D-4ED7-B09C-BCB256566C48}.Linux|Mixed Platforms.Build.0 = Release|Any CPU
		{557DF5BB-439D-4ED7-B09C-BCB256566C48}.Linux|x64.ActiveCfg = Release|Any CPU
		{557DF5BB-439D-4ED7-B09C-BCB256566C48}.Linux|x86.ActiveCfg = Release|Any CPU
		{557DF5BB-439D-4ED7-B09C-BCB256566C48}.OSX|Any CPU.ActiveCfg = Release|Any CPU
		{557DF5BB-439D-4ED7-B09C-BCB256566C48}.OSX|Any CPU.Build.0 = Release|Any CPU
		{557DF5BB-439D-4ED7-B09C-BCB256566C48}.OSX|ARM.ActiveCfg = Release|Any CPU
		{557DF5BB-439D-4ED7-B09C-BCB256566C48}.OSX|Mixed Platforms.ActiveCfg = Release|Any CPU
		{557DF5BB-439D-4ED7-B09C-BCB256566C48}.OSX|Mixed Platforms.Build.0 = Release|Any CPU
		{557DF5BB-439D-4ED7-B09C-BCB256566C48}.OSX|x64.ActiveCfg = Release|Any CPU
		{557DF5BB-439D-4ED7-B09C-BCB256566C48}.OSX|x86.ActiveCfg = Release|Any CPU
		{557DF5BB-439D-4ED7-B09C-BCB256566C48}.PSM|Any CPU.ActiveCfg = Release|Any CPU
		{557DF5BB-439D-4ED7-B09C-BCB256566C48}.PSM|Any CPU.Build.0 = Release|Any CPU
		{557DF5BB-439D-4ED7-B09C-BCB256566C48}.PSM|ARM.ActiveCfg = Release|Any CPU
		{557DF5BB-439D-4ED7-B09C-BCB256566C48}.PSM|Mixed Platforms.ActiveCfg = Release|Any CPU
		{557DF5BB-439D-4ED7-B09C-BCB256566C48}.PSM|Mixed Platforms.Build.0 = Release|Any CPU
		{557DF5BB-439D-4ED7-B09C-BCB256566C48}.PSM|x64.ActiveCfg = Release|Any CPU
		{557DF5BB-439D-4ED7-B09C-BCB256566C48}.PSM|x86.ActiveCfg = Release|Any CPU
		{557DF5BB-439D-4ED7-B09C-BCB256566C48}.Release|Any CPU.ActiveCfg = Release|Any CPU
		{557DF5BB-439D-4ED7-B09C-BCB256566C48}.Release|Any CPU.Build.0 = Release|Any CPU
		{557DF5BB-439D-4ED7-B09C-BCB256566C48}.Release|ARM.ActiveCfg = Release|Any CPU
		{557DF5BB-439D-4ED7-B09C-BCB256566C48}.Release|Mixed Platforms.ActiveCfg = Release|Any CPU
		{557DF5BB-439D-4ED7-B09C-BCB256566C48}.Release|Mixed Platforms.Build.0 = Release|Any CPU
		{557DF5BB-439D-4ED7-B09C-BCB256566C48}.Release|x64.ActiveCfg = Release|Any CPU
		{557DF5BB-439D-4ED7-B09C-BCB256566C48}.Release|x86.ActiveCfg = Release|Any CPU
		{557DF5BB-439D-4ED7-B09C-BCB256566C48}.Windows|Any CPU.ActiveCfg = Release|Any CPU
		{557DF5BB-439D-4ED7-B09C-BCB256566C48}.Windows|Any CPU.Build.0 = Release|Any CPU
		{557DF5BB-439D-4ED7-B09C-BCB256566C48}.Windows|ARM.ActiveCfg = Release|Any CPU
		{557DF5BB-439D-4ED7-B09C-BCB256566C48}.Windows|Mixed Platforms.ActiveCfg = Release|Any CPU
		{557DF5BB-439D-4ED7-B09C-BCB256566C48}.Windows|Mixed Platforms.Build.0 = Release|Any CPU
		{557DF5BB-439D-4ED7-B09C-BCB256566C48}.Windows|x64.ActiveCfg = Release|Any CPU
		{557DF5BB-439D-4ED7-B09C-BCB256566C48}.Windows|x86.ActiveCfg = Release|Any CPU
		{557DF5BB-439D-4ED7-B09C-BCB256566C48}.Windows8|Any CPU.ActiveCfg = Release|Any CPU
		{557DF5BB-439D-4ED7-B09C-BCB256566C48}.Windows8|Any CPU.Build.0 = Release|Any CPU
		{557DF5BB-439D-4ED7-B09C-BCB256566C48}.Windows8|ARM.ActiveCfg = Release|Any CPU
		{557DF5BB-439D-4ED7-B09C-BCB256566C48}.Windows8|Mixed Platforms.ActiveCfg = Release|Any CPU
		{557DF5BB-439D-4ED7-B09C-BCB256566C48}.Windows8|Mixed Platforms.Build.0 = Release|Any CPU
		{557DF5BB-439D-4ED7-B09C-BCB256566C48}.Windows8|x64.ActiveCfg = Release|Any CPU
		{557DF5BB-439D-4ED7-B09C-BCB256566C48}.Windows8|x86.ActiveCfg = Release|Any CPU
		{5A6F7B4D-B262-4FD8-8CB0-82CAA4CDCD71}.Android|Any CPU.ActiveCfg = Release|Any CPU
		{5A6F7B4D-B262-4FD8-8CB0-82CAA4CDCD71}.Android|Any CPU.Build.0 = Release|Any CPU
		{5A6F7B4D-B262-4FD8-8CB0-82CAA4CDCD71}.Android|ARM.ActiveCfg = Release|Any CPU
		{5A6F7B4D-B262-4FD8-8CB0-82CAA4CDCD71}.Android|Mixed Platforms.ActiveCfg = Release|Any CPU
		{5A6F7B4D-B262-4FD8-8CB0-82CAA4CDCD71}.Android|Mixed Platforms.Build.0 = Release|Any CPU
		{5A6F7B4D-B262-4FD8-8CB0-82CAA4CDCD71}.Android|x64.ActiveCfg = Release|Any CPU
		{5A6F7B4D-B262-4FD8-8CB0-82CAA4CDCD71}.Android|x86.ActiveCfg = Release|Any CPU
		{5A6F7B4D-B262-4FD8-8CB0-82CAA4CDCD71}.Debug|Any CPU.ActiveCfg = Debug|Any CPU
		{5A6F7B4D-B262-4FD8-8CB0-82CAA4CDCD71}.Debug|Any CPU.Build.0 = Debug|Any CPU
		{5A6F7B4D-B262-4FD8-8CB0-82CAA4CDCD71}.Debug|ARM.ActiveCfg = Debug|Any CPU
		{5A6F7B4D-B262-4FD8-8CB0-82CAA4CDCD71}.Debug|Mixed Platforms.ActiveCfg = Debug|Any CPU
		{5A6F7B4D-B262-4FD8-8CB0-82CAA4CDCD71}.Debug|Mixed Platforms.Build.0 = Debug|Any CPU
		{5A6F7B4D-B262-4FD8-8CB0-82CAA4CDCD71}.Debug|x64.ActiveCfg = Debug|Any CPU
		{5A6F7B4D-B262-4FD8-8CB0-82CAA4CDCD71}.Debug|x86.ActiveCfg = Debug|Any CPU
		{5A6F7B4D-B262-4FD8-8CB0-82CAA4CDCD71}.iOS|Any CPU.ActiveCfg = Release|Any CPU
		{5A6F7B4D-B262-4FD8-8CB0-82CAA4CDCD71}.iOS|Any CPU.Build.0 = Release|Any CPU
		{5A6F7B4D-B262-4FD8-8CB0-82CAA4CDCD71}.iOS|ARM.ActiveCfg = Release|Any CPU
		{5A6F7B4D-B262-4FD8-8CB0-82CAA4CDCD71}.iOS|Mixed Platforms.ActiveCfg = Release|Any CPU
		{5A6F7B4D-B262-4FD8-8CB0-82CAA4CDCD71}.iOS|Mixed Platforms.Build.0 = Release|Any CPU
		{5A6F7B4D-B262-4FD8-8CB0-82CAA4CDCD71}.iOS|x64.ActiveCfg = Release|Any CPU
		{5A6F7B4D-B262-4FD8-8CB0-82CAA4CDCD71}.iOS|x86.ActiveCfg = Release|Any CPU
		{5A6F7B4D-B262-4FD8-8CB0-82CAA4CDCD71}.Linux|Any CPU.ActiveCfg = Release|Any CPU
		{5A6F7B4D-B262-4FD8-8CB0-82CAA4CDCD71}.Linux|Any CPU.Build.0 = Release|Any CPU
		{5A6F7B4D-B262-4FD8-8CB0-82CAA4CDCD71}.Linux|ARM.ActiveCfg = Release|Any CPU
		{5A6F7B4D-B262-4FD8-8CB0-82CAA4CDCD71}.Linux|Mixed Platforms.ActiveCfg = Release|Any CPU
		{5A6F7B4D-B262-4FD8-8CB0-82CAA4CDCD71}.Linux|Mixed Platforms.Build.0 = Release|Any CPU
		{5A6F7B4D-B262-4FD8-8CB0-82CAA4CDCD71}.Linux|x64.ActiveCfg = Release|Any CPU
		{5A6F7B4D-B262-4FD8-8CB0-82CAA4CDCD71}.Linux|x86.ActiveCfg = Release|Any CPU
		{5A6F7B4D-B262-4FD8-8CB0-82CAA4CDCD71}.OSX|Any CPU.ActiveCfg = Release|Any CPU
		{5A6F7B4D-B262-4FD8-8CB0-82CAA4CDCD71}.OSX|Any CPU.Build.0 = Release|Any CPU
		{5A6F7B4D-B262-4FD8-8CB0-82CAA4CDCD71}.OSX|ARM.ActiveCfg = Release|Any CPU
		{5A6F7B4D-B262-4FD8-8CB0-82CAA4CDCD71}.OSX|Mixed Platforms.ActiveCfg = Release|Any CPU
		{5A6F7B4D-B262-4FD8-8CB0-82CAA4CDCD71}.OSX|Mixed Platforms.Build.0 = Release|Any CPU
		{5A6F7B4D-B262-4FD8-8CB0-82CAA4CDCD71}.OSX|x64.ActiveCfg = Release|Any CPU
		{5A6F7B4D-B262-4FD8-8CB0-82CAA4CDCD71}.OSX|x86.ActiveCfg = Release|Any CPU
		{5A6F7B4D-B262-4FD8-8CB0-82CAA4CDCD71}.PSM|Any CPU.ActiveCfg = Release|Any CPU
		{5A6F7B4D-B262-4FD8-8CB0-82CAA4CDCD71}.PSM|Any CPU.Build.0 = Release|Any CPU
		{5A6F7B4D-B262-4FD8-8CB0-82CAA4CDCD71}.PSM|ARM.ActiveCfg = Release|Any CPU
		{5A6F7B4D-B262-4FD8-8CB0-82CAA4CDCD71}.PSM|Mixed Platforms.ActiveCfg = Release|Any CPU
		{5A6F7B4D-B262-4FD8-8CB0-82CAA4CDCD71}.PSM|Mixed Platforms.Build.0 = Release|Any CPU
		{5A6F7B4D-B262-4FD8-8CB0-82CAA4CDCD71}.PSM|x64.ActiveCfg = Release|Any CPU
		{5A6F7B4D-B262-4FD8-8CB0-82CAA4CDCD71}.PSM|x86.ActiveCfg = Release|Any CPU
		{5A6F7B4D-B262-4FD8-8CB0-82CAA4CDCD71}.Release|Any CPU.ActiveCfg = Release|Any CPU
		{5A6F7B4D-B262-4FD8-8CB0-82CAA4CDCD71}.Release|Any CPU.Build.0 = Release|Any CPU
		{5A6F7B4D-B262-4FD8-8CB0-82CAA4CDCD71}.Release|ARM.ActiveCfg = Release|Any CPU
		{5A6F7B4D-B262-4FD8-8CB0-82CAA4CDCD71}.Release|Mixed Platforms.ActiveCfg = Release|Any CPU
		{5A6F7B4D-B262-4FD8-8CB0-82CAA4CDCD71}.Release|Mixed Platforms.Build.0 = Release|Any CPU
		{5A6F7B4D-B262-4FD8-8CB0-82CAA4CDCD71}.Release|x64.ActiveCfg = Release|Any CPU
		{5A6F7B4D-B262-4FD8-8CB0-82CAA4CDCD71}.Release|x86.ActiveCfg = Release|Any CPU
		{5A6F7B4D-B262-4FD8-8CB0-82CAA4CDCD71}.Windows|Any CPU.ActiveCfg = Release|Any CPU
		{5A6F7B4D-B262-4FD8-8CB0-82CAA4CDCD71}.Windows|Any CPU.Build.0 = Release|Any CPU
		{5A6F7B4D-B262-4FD8-8CB0-82CAA4CDCD71}.Windows|ARM.ActiveCfg = Release|Any CPU
		{5A6F7B4D-B262-4FD8-8CB0-82CAA4CDCD71}.Windows|Mixed Platforms.ActiveCfg = Release|Any CPU
		{5A6F7B4D-B262-4FD8-8CB0-82CAA4CDCD71}.Windows|Mixed Platforms.Build.0 = Release|Any CPU
		{5A6F7B4D-B262-4FD8-8CB0-82CAA4CDCD71}.Windows|x64.ActiveCfg = Release|Any CPU
		{5A6F7B4D-B262-4FD8-8CB0-82CAA4CDCD71}.Windows|x86.ActiveCfg = Release|Any CPU
		{5A6F7B4D-B262-4FD8-8CB0-82CAA4CDCD71}.Windows8|Any CPU.ActiveCfg = Release|Any CPU
		{5A6F7B4D-B262-4FD8-8CB0-82CAA4CDCD71}.Windows8|Any CPU.Build.0 = Release|Any CPU
		{5A6F7B4D-B262-4FD8-8CB0-82CAA4CDCD71}.Windows8|ARM.ActiveCfg = Release|Any CPU
		{5A6F7B4D-B262-4FD8-8CB0-82CAA4CDCD71}.Windows8|Mixed Platforms.ActiveCfg = Release|Any CPU
		{5A6F7B4D-B262-4FD8-8CB0-82CAA4CDCD71}.Windows8|Mixed Platforms.Build.0 = Release|Any CPU
		{5A6F7B4D-B262-4FD8-8CB0-82CAA4CDCD71}.Windows8|x64.ActiveCfg = Release|Any CPU
		{5A6F7B4D-B262-4FD8-8CB0-82CAA4CDCD71}.Windows8|x86.ActiveCfg = Release|Any CPU
		{2E5C7210-3C96-483A-BF9F-86A3ACC9065C}.Android|Any CPU.ActiveCfg = Release|Any CPU
		{2E5C7210-3C96-483A-BF9F-86A3ACC9065C}.Android|Any CPU.Build.0 = Release|Any CPU
		{2E5C7210-3C96-483A-BF9F-86A3ACC9065C}.Android|ARM.ActiveCfg = Release|Any CPU
		{2E5C7210-3C96-483A-BF9F-86A3ACC9065C}.Android|Mixed Platforms.ActiveCfg = Release|Any CPU
		{2E5C7210-3C96-483A-BF9F-86A3ACC9065C}.Android|Mixed Platforms.Build.0 = Release|Any CPU
		{2E5C7210-3C96-483A-BF9F-86A3ACC9065C}.Android|x64.ActiveCfg = Release|Any CPU
		{2E5C7210-3C96-483A-BF9F-86A3ACC9065C}.Android|x86.ActiveCfg = Release|Any CPU
		{2E5C7210-3C96-483A-BF9F-86A3ACC9065C}.Debug|Any CPU.ActiveCfg = Debug|Any CPU
		{2E5C7210-3C96-483A-BF9F-86A3ACC9065C}.Debug|Any CPU.Build.0 = Debug|Any CPU
		{2E5C7210-3C96-483A-BF9F-86A3ACC9065C}.Debug|ARM.ActiveCfg = Debug|Any CPU
		{2E5C7210-3C96-483A-BF9F-86A3ACC9065C}.Debug|Mixed Platforms.ActiveCfg = Debug|Any CPU
		{2E5C7210-3C96-483A-BF9F-86A3ACC9065C}.Debug|Mixed Platforms.Build.0 = Debug|Any CPU
		{2E5C7210-3C96-483A-BF9F-86A3ACC9065C}.Debug|x64.ActiveCfg = Debug|Any CPU
		{2E5C7210-3C96-483A-BF9F-86A3ACC9065C}.Debug|x86.ActiveCfg = Debug|Any CPU
		{2E5C7210-3C96-483A-BF9F-86A3ACC9065C}.iOS|Any CPU.ActiveCfg = Release|Any CPU
		{2E5C7210-3C96-483A-BF9F-86A3ACC9065C}.iOS|Any CPU.Build.0 = Release|Any CPU
		{2E5C7210-3C96-483A-BF9F-86A3ACC9065C}.iOS|ARM.ActiveCfg = Release|Any CPU
		{2E5C7210-3C96-483A-BF9F-86A3ACC9065C}.iOS|Mixed Platforms.ActiveCfg = Release|Any CPU
		{2E5C7210-3C96-483A-BF9F-86A3ACC9065C}.iOS|Mixed Platforms.Build.0 = Release|Any CPU
		{2E5C7210-3C96-483A-BF9F-86A3ACC9065C}.iOS|x64.ActiveCfg = Release|Any CPU
		{2E5C7210-3C96-483A-BF9F-86A3ACC9065C}.iOS|x86.ActiveCfg = Release|Any CPU
		{2E5C7210-3C96-483A-BF9F-86A3ACC9065C}.Linux|Any CPU.ActiveCfg = Release|Any CPU
		{2E5C7210-3C96-483A-BF9F-86A3ACC9065C}.Linux|Any CPU.Build.0 = Release|Any CPU
		{2E5C7210-3C96-483A-BF9F-86A3ACC9065C}.Linux|ARM.ActiveCfg = Release|Any CPU
		{2E5C7210-3C96-483A-BF9F-86A3ACC9065C}.Linux|Mixed Platforms.ActiveCfg = Release|Any CPU
		{2E5C7210-3C96-483A-BF9F-86A3ACC9065C}.Linux|Mixed Platforms.Build.0 = Release|Any CPU
		{2E5C7210-3C96-483A-BF9F-86A3ACC9065C}.Linux|x64.ActiveCfg = Release|Any CPU
		{2E5C7210-3C96-483A-BF9F-86A3ACC9065C}.Linux|x86.ActiveCfg = Release|Any CPU
		{2E5C7210-3C96-483A-BF9F-86A3ACC9065C}.OSX|Any CPU.ActiveCfg = Release|Any CPU
		{2E5C7210-3C96-483A-BF9F-86A3ACC9065C}.OSX|Any CPU.Build.0 = Release|Any CPU
		{2E5C7210-3C96-483A-BF9F-86A3ACC9065C}.OSX|ARM.ActiveCfg = Release|Any CPU
		{2E5C7210-3C96-483A-BF9F-86A3ACC9065C}.OSX|Mixed Platforms.ActiveCfg = Release|Any CPU
		{2E5C7210-3C96-483A-BF9F-86A3ACC9065C}.OSX|Mixed Platforms.Build.0 = Release|Any CPU
		{2E5C7210-3C96-483A-BF9F-86A3ACC9065C}.OSX|x64.ActiveCfg = Release|Any CPU
		{2E5C7210-3C96-483A-BF9F-86A3ACC9065C}.OSX|x86.ActiveCfg = Release|Any CPU
		{2E5C7210-3C96-483A-BF9F-86A3ACC9065C}.PSM|Any CPU.ActiveCfg = Release|Any CPU
		{2E5C7210-3C96-483A-BF9F-86A3ACC9065C}.PSM|Any CPU.Build.0 = Release|Any CPU
		{2E5C7210-3C96-483A-BF9F-86A3ACC9065C}.PSM|ARM.ActiveCfg = Release|Any CPU
		{2E5C7210-3C96-483A-BF9F-86A3ACC9065C}.PSM|Mixed Platforms.ActiveCfg = Release|Any CPU
		{2E5C7210-3C96-483A-BF9F-86A3ACC9065C}.PSM|Mixed Platforms.Build.0 = Release|Any CPU
		{2E5C7210-3C96-483A-BF9F-86A3ACC9065C}.PSM|x64.ActiveCfg = Release|Any CPU
		{2E5C7210-3C96-483A-BF9F-86A3ACC9065C}.PSM|x86.ActiveCfg = Release|Any CPU
		{2E5C7210-3C96-483A-BF9F-86A3ACC9065C}.Release|Any CPU.ActiveCfg = Release|Any CPU
		{2E5C7210-3C96-483A-BF9F-86A3ACC9065C}.Release|Any CPU.Build.0 = Release|Any CPU
		{2E5C7210-3C96-483A-BF9F-86A3ACC9065C}.Release|ARM.ActiveCfg = Release|Any CPU
		{2E5C7210-3C96-483A-BF9F-86A3ACC9065C}.Release|Mixed Platforms.ActiveCfg = Release|Any CPU
		{2E5C7210-3C96-483A-BF9F-86A3ACC9065C}.Release|Mixed Platforms.Build.0 = Release|Any CPU
		{2E5C7210-3C96-483A-BF9F-86A3ACC9065C}.Release|x64.ActiveCfg = Release|Any CPU
		{2E5C7210-3C96-483A-BF9F-86A3ACC9065C}.Release|x86.ActiveCfg = Release|Any CPU
		{2E5C7210-3C96-483A-BF9F-86A3ACC9065C}.Windows|Any CPU.ActiveCfg = Release|Any CPU
		{2E5C7210-3C96-483A-BF9F-86A3ACC9065C}.Windows|Any CPU.Build.0 = Release|Any CPU
		{2E5C7210-3C96-483A-BF9F-86A3ACC9065C}.Windows|ARM.ActiveCfg = Release|Any CPU
		{2E5C7210-3C96-483A-BF9F-86A3ACC9065C}.Windows|Mixed Platforms.ActiveCfg = Release|Any CPU
		{2E5C7210-3C96-483A-BF9F-86A3ACC9065C}.Windows|Mixed Platforms.Build.0 = Release|Any CPU
		{2E5C7210-3C96-483A-BF9F-86A3ACC9065C}.Windows|x64.ActiveCfg = Release|Any CPU
		{2E5C7210-3C96-483A-BF9F-86A3ACC9065C}.Windows|x86.ActiveCfg = Release|Any CPU
		{2E5C7210-3C96-483A-BF9F-86A3ACC9065C}.Windows8|Any CPU.ActiveCfg = Release|Any CPU
		{2E5C7210-3C96-483A-BF9F-86A3ACC9065C}.Windows8|Any CPU.Build.0 = Release|Any CPU
		{2E5C7210-3C96-483A-BF9F-86A3ACC9065C}.Windows8|ARM.ActiveCfg = Release|Any CPU
		{2E5C7210-3C96-483A-BF9F-86A3ACC9065C}.Windows8|Mixed Platforms.ActiveCfg = Release|Any CPU
		{2E5C7210-3C96-483A-BF9F-86A3ACC9065C}.Windows8|Mixed Platforms.Build.0 = Release|Any CPU
		{2E5C7210-3C96-483A-BF9F-86A3ACC9065C}.Windows8|x64.ActiveCfg = Release|Any CPU
		{2E5C7210-3C96-483A-BF9F-86A3ACC9065C}.Windows8|x86.ActiveCfg = Release|Any CPU
		{FB3050B2-9AFC-4316-8E62-D7C794ACEB15}.Android|Any CPU.ActiveCfg = Release|x86
		{FB3050B2-9AFC-4316-8E62-D7C794ACEB15}.Android|ARM.ActiveCfg = Release|x86
		{FB3050B2-9AFC-4316-8E62-D7C794ACEB15}.Android|Mixed Platforms.ActiveCfg = Release|x86
		{FB3050B2-9AFC-4316-8E62-D7C794ACEB15}.Android|Mixed Platforms.Build.0 = Release|x86
		{FB3050B2-9AFC-4316-8E62-D7C794ACEB15}.Android|x64.ActiveCfg = Release|x86
		{FB3050B2-9AFC-4316-8E62-D7C794ACEB15}.Android|x86.ActiveCfg = Release|x86
		{FB3050B2-9AFC-4316-8E62-D7C794ACEB15}.Android|x86.Build.0 = Release|x86
		{FB3050B2-9AFC-4316-8E62-D7C794ACEB15}.Debug|Any CPU.ActiveCfg = Debug|x86
		{FB3050B2-9AFC-4316-8E62-D7C794ACEB15}.Debug|ARM.ActiveCfg = Debug|x86
		{FB3050B2-9AFC-4316-8E62-D7C794ACEB15}.Debug|Mixed Platforms.ActiveCfg = Debug|x86
		{FB3050B2-9AFC-4316-8E62-D7C794ACEB15}.Debug|Mixed Platforms.Build.0 = Debug|x86
		{FB3050B2-9AFC-4316-8E62-D7C794ACEB15}.Debug|x64.ActiveCfg = Debug|x86
		{FB3050B2-9AFC-4316-8E62-D7C794ACEB15}.Debug|x86.ActiveCfg = Debug|x86
		{FB3050B2-9AFC-4316-8E62-D7C794ACEB15}.Debug|x86.Build.0 = Debug|x86
		{FB3050B2-9AFC-4316-8E62-D7C794ACEB15}.iOS|Any CPU.ActiveCfg = Release|x86
		{FB3050B2-9AFC-4316-8E62-D7C794ACEB15}.iOS|ARM.ActiveCfg = Release|x86
		{FB3050B2-9AFC-4316-8E62-D7C794ACEB15}.iOS|Mixed Platforms.ActiveCfg = Release|x86
		{FB3050B2-9AFC-4316-8E62-D7C794ACEB15}.iOS|Mixed Platforms.Build.0 = Release|x86
		{FB3050B2-9AFC-4316-8E62-D7C794ACEB15}.iOS|x64.ActiveCfg = Release|x86
		{FB3050B2-9AFC-4316-8E62-D7C794ACEB15}.iOS|x86.ActiveCfg = Release|x86
		{FB3050B2-9AFC-4316-8E62-D7C794ACEB15}.iOS|x86.Build.0 = Release|x86
		{FB3050B2-9AFC-4316-8E62-D7C794ACEB15}.Linux|Any CPU.ActiveCfg = Release|x86
		{FB3050B2-9AFC-4316-8E62-D7C794ACEB15}.Linux|ARM.ActiveCfg = Release|x86
		{FB3050B2-9AFC-4316-8E62-D7C794ACEB15}.Linux|Mixed Platforms.ActiveCfg = Release|x86
		{FB3050B2-9AFC-4316-8E62-D7C794ACEB15}.Linux|Mixed Platforms.Build.0 = Release|x86
		{FB3050B2-9AFC-4316-8E62-D7C794ACEB15}.Linux|x64.ActiveCfg = Release|x86
		{FB3050B2-9AFC-4316-8E62-D7C794ACEB15}.Linux|x86.ActiveCfg = Release|x86
		{FB3050B2-9AFC-4316-8E62-D7C794ACEB15}.Linux|x86.Build.0 = Release|x86
		{FB3050B2-9AFC-4316-8E62-D7C794ACEB15}.OSX|Any CPU.ActiveCfg = Release|x86
		{FB3050B2-9AFC-4316-8E62-D7C794ACEB15}.OSX|ARM.ActiveCfg = Release|x86
		{FB3050B2-9AFC-4316-8E62-D7C794ACEB15}.OSX|Mixed Platforms.ActiveCfg = Release|x86
		{FB3050B2-9AFC-4316-8E62-D7C794ACEB15}.OSX|Mixed Platforms.Build.0 = Release|x86
		{FB3050B2-9AFC-4316-8E62-D7C794ACEB15}.OSX|x64.ActiveCfg = Release|x86
		{FB3050B2-9AFC-4316-8E62-D7C794ACEB15}.OSX|x86.ActiveCfg = Release|x86
		{FB3050B2-9AFC-4316-8E62-D7C794ACEB15}.OSX|x86.Build.0 = Release|x86
		{FB3050B2-9AFC-4316-8E62-D7C794ACEB15}.PSM|Any CPU.ActiveCfg = Release|x86
		{FB3050B2-9AFC-4316-8E62-D7C794ACEB15}.PSM|ARM.ActiveCfg = Release|x86
		{FB3050B2-9AFC-4316-8E62-D7C794ACEB15}.PSM|Mixed Platforms.ActiveCfg = Release|x86
		{FB3050B2-9AFC-4316-8E62-D7C794ACEB15}.PSM|Mixed Platforms.Build.0 = Release|x86
		{FB3050B2-9AFC-4316-8E62-D7C794ACEB15}.PSM|x64.ActiveCfg = Release|x86
		{FB3050B2-9AFC-4316-8E62-D7C794ACEB15}.PSM|x86.ActiveCfg = Release|x86
		{FB3050B2-9AFC-4316-8E62-D7C794ACEB15}.PSM|x86.Build.0 = Release|x86
		{FB3050B2-9AFC-4316-8E62-D7C794ACEB15}.Release|Any CPU.ActiveCfg = Release|x86
		{FB3050B2-9AFC-4316-8E62-D7C794ACEB15}.Release|ARM.ActiveCfg = Release|x86
		{FB3050B2-9AFC-4316-8E62-D7C794ACEB15}.Release|Mixed Platforms.ActiveCfg = Release|x86
		{FB3050B2-9AFC-4316-8E62-D7C794ACEB15}.Release|Mixed Platforms.Build.0 = Release|x86
		{FB3050B2-9AFC-4316-8E62-D7C794ACEB15}.Release|x64.ActiveCfg = Release|x86
		{FB3050B2-9AFC-4316-8E62-D7C794ACEB15}.Release|x86.ActiveCfg = Release|x86
		{FB3050B2-9AFC-4316-8E62-D7C794ACEB15}.Release|x86.Build.0 = Release|x86
		{FB3050B2-9AFC-4316-8E62-D7C794ACEB15}.Windows|Any CPU.ActiveCfg = Release|x86
		{FB3050B2-9AFC-4316-8E62-D7C794ACEB15}.Windows|ARM.ActiveCfg = Release|x86
		{FB3050B2-9AFC-4316-8E62-D7C794ACEB15}.Windows|Mixed Platforms.ActiveCfg = Release|x86
		{FB3050B2-9AFC-4316-8E62-D7C794ACEB15}.Windows|Mixed Platforms.Build.0 = Release|x86
		{FB3050B2-9AFC-4316-8E62-D7C794ACEB15}.Windows|x64.ActiveCfg = Release|x86
		{FB3050B2-9AFC-4316-8E62-D7C794ACEB15}.Windows|x86.ActiveCfg = Release|x86
		{FB3050B2-9AFC-4316-8E62-D7C794ACEB15}.Windows|x86.Build.0 = Release|x86
		{FB3050B2-9AFC-4316-8E62-D7C794ACEB15}.Windows8|Any CPU.ActiveCfg = Release|x86
		{FB3050B2-9AFC-4316-8E62-D7C794ACEB15}.Windows8|ARM.ActiveCfg = Release|x86
		{FB3050B2-9AFC-4316-8E62-D7C794ACEB15}.Windows8|Mixed Platforms.ActiveCfg = Release|x86
		{FB3050B2-9AFC-4316-8E62-D7C794ACEB15}.Windows8|Mixed Platforms.Build.0 = Release|x86
		{FB3050B2-9AFC-4316-8E62-D7C794ACEB15}.Windows8|x64.ActiveCfg = Release|x86
		{FB3050B2-9AFC-4316-8E62-D7C794ACEB15}.Windows8|x86.ActiveCfg = Release|x86
		{FB3050B2-9AFC-4316-8E62-D7C794ACEB15}.Windows8|x86.Build.0 = Release|x86
	EndGlobalSection
	GlobalSection(SolutionProperties) = preSolution
		HideSolutionNode = FALSE
	EndGlobalSection
EndGlobal
