
Microsoft Visual Studio Solution File, Format Version 12.00
# Visual Studio 2012
Project("{FAE04EC0-301F-11D3-BF4B-00C04F79EFBC}") = "Risen.Server", "Risen.Server\Risen.Server.csproj", "{C5C997D3-C60D-4715-B648-323BE9960C07}"
EndProject
Project("{FAE04EC0-301F-11D3-BF4B-00C04F79EFBC}") = "Risen.Tests", "Risen.Tests\Risen.Tests.csproj", "{150117FA-C58C-497D-9865-92A9300A3492}"
EndProject
Project("{FAE04EC0-301F-11D3-BF4B-00C04F79EFBC}") = "Risen.ConsoleServer", "Risen.ConsoleServer\Risen.ConsoleServer.csproj", "{557DF5BB-439D-4ED7-B09C-BCB256566C48}"
EndProject
Project("{FAE04EC0-301F-11D3-BF4B-00C04F79EFBC}") = "Risen.Client", "Risen.Client\Risen.Client\Risen.Client.csproj", "{10261973-4792-413B-92DE-07F5DF4020F1}"
EndProject
Project("{FAE04EC0-301F-11D3-BF4B-00C04F79EFBC}") = "Risen.ClientContent", "Risen.Client\Risen.ClientContent\Risen.ClientContent.contentproj", "{00C8E55A-EE70-404A-A472-2595AAE4DF36}"
EndProject
Project("{FAE04EC0-301F-11D3-BF4B-00C04F79EFBC}") = "Risen.Shared", "Risen.Shared\Risen.Shared.csproj", "{5A6F7B4D-B262-4FD8-8CB0-82CAA4CDCD71}"
EndProject
Global
	GlobalSection(SolutionConfigurationPlatforms) = preSolution
		Debug|Any CPU = Debug|Any CPU
		Debug|ARM = Debug|ARM
		Debug|Mixed Platforms = Debug|Mixed Platforms
		Debug|x64 = Debug|x64
		Debug|x86 = Debug|x86
		Release|Any CPU = Release|Any CPU
		Release|ARM = Release|ARM
		Release|Mixed Platforms = Release|Mixed Platforms
		Release|x64 = Release|x64
		Release|x86 = Release|x86
	EndGlobalSection
	GlobalSection(ProjectConfigurationPlatforms) = postSolution
		{C5C997D3-C60D-4715-B648-323BE9960C07}.Debug|Any CPU.ActiveCfg = Debug|Any CPU
		{C5C997D3-C60D-4715-B648-323BE9960C07}.Debug|Any CPU.Build.0 = Debug|Any CPU
		{C5C997D3-C60D-4715-B648-323BE9960C07}.Debug|ARM.ActiveCfg = Debug|Any CPU
		{C5C997D3-C60D-4715-B648-323BE9960C07}.Debug|Mixed Platforms.ActiveCfg = Debug|Any CPU
		{C5C997D3-C60D-4715-B648-323BE9960C07}.Debug|Mixed Platforms.Build.0 = Debug|Any CPU
		{C5C997D3-C60D-4715-B648-323BE9960C07}.Debug|x64.ActiveCfg = Debug|Any CPU
		{C5C997D3-C60D-4715-B648-323BE9960C07}.Debug|x86.ActiveCfg = Debug|Any CPU
		{C5C997D3-C60D-4715-B648-323BE9960C07}.Release|Any CPU.ActiveCfg = Release|Any CPU
		{C5C997D3-C60D-4715-B648-323BE9960C07}.Release|Any CPU.Build.0 = Release|Any CPU
		{C5C997D3-C60D-4715-B648-323BE9960C07}.Release|ARM.ActiveCfg = Release|Any CPU
		{C5C997D3-C60D-4715-B648-323BE9960C07}.Release|Mixed Platforms.ActiveCfg = Release|Any CPU
		{C5C997D3-C60D-4715-B648-323BE9960C07}.Release|Mixed Platforms.Build.0 = Release|Any CPU
		{C5C997D3-C60D-4715-B648-323BE9960C07}.Release|x64.ActiveCfg = Release|Any CPU
		{C5C997D3-C60D-4715-B648-323BE9960C07}.Release|x86.ActiveCfg = Release|Any CPU
		{150117FA-C58C-497D-9865-92A9300A3492}.Debug|Any CPU.ActiveCfg = Debug|Any CPU
		{150117FA-C58C-497D-9865-92A9300A3492}.Debug|Any CPU.Build.0 = Debug|Any CPU
		{150117FA-C58C-497D-9865-92A9300A3492}.Debug|ARM.ActiveCfg = Debug|Any CPU
		{150117FA-C58C-497D-9865-92A9300A3492}.Debug|Mixed Platforms.ActiveCfg = Debug|Any CPU
		{150117FA-C58C-497D-9865-92A9300A3492}.Debug|Mixed Platforms.Build.0 = Debug|Any CPU
		{150117FA-C58C-497D-9865-92A9300A3492}.Debug|x64.ActiveCfg = Debug|Any CPU
		{150117FA-C58C-497D-9865-92A9300A3492}.Debug|x86.ActiveCfg = Debug|Any CPU
		{150117FA-C58C-497D-9865-92A9300A3492}.Release|Any CPU.ActiveCfg = Release|Any CPU
		{150117FA-C58C-497D-9865-92A9300A3492}.Release|Any CPU.Build.0 = Release|Any CPU
		{150117FA-C58C-497D-9865-92A9300A3492}.Release|ARM.ActiveCfg = Release|Any CPU
		{150117FA-C58C-497D-9865-92A9300A3492}.Release|Mixed Platforms.ActiveCfg = Release|Any CPU
		{150117FA-C58C-497D-9865-92A9300A3492}.Release|Mixed Platforms.Build.0 = Release|Any CPU
		{150117FA-C58C-497D-9865-92A9300A3492}.Release|x64.ActiveCfg = Release|Any CPU
		{150117FA-C58C-497D-9865-92A9300A3492}.Release|x86.ActiveCfg = Release|Any CPU
		{557DF5BB-439D-4ED7-B09C-BCB256566C48}.Debug|Any CPU.ActiveCfg = Debug|Any CPU
		{557DF5BB-439D-4ED7-B09C-BCB256566C48}.Debug|Any CPU.Build.0 = Debug|Any CPU
		{557DF5BB-439D-4ED7-B09C-BCB256566C48}.Debug|ARM.ActiveCfg = Debug|Any CPU
		{557DF5BB-439D-4ED7-B09C-BCB256566C48}.Debug|Mixed Platforms.ActiveCfg = Debug|Any CPU
		{557DF5BB-439D-4ED7-B09C-BCB256566C48}.Debug|Mixed Platforms.Build.0 = Debug|Any CPU
		{557DF5BB-439D-4ED7-B09C-BCB256566C48}.Debug|x64.ActiveCfg = Debug|Any CPU
		{557DF5BB-439D-4ED7-B09C-BCB256566C48}.Debug|x86.ActiveCfg = Debug|Any CPU
		{557DF5BB-439D-4ED7-B09C-BCB256566C48}.Release|Any CPU.ActiveCfg = Release|Any CPU
		{557DF5BB-439D-4ED7-B09C-BCB256566C48}.Release|Any CPU.Build.0 = Release|Any CPU
		{557DF5BB-439D-4ED7-B09C-BCB256566C48}.Release|ARM.ActiveCfg = Release|Any CPU
		{557DF5BB-439D-4ED7-B09C-BCB256566C48}.Release|Mixed Platforms.ActiveCfg = Release|Any CPU
		{557DF5BB-439D-4ED7-B09C-BCB256566C48}.Release|Mixed Platforms.Build.0 = Release|Any CPU
		{557DF5BB-439D-4ED7-B09C-BCB256566C48}.Release|x64.ActiveCfg = Release|Any CPU
		{557DF5BB-439D-4ED7-B09C-BCB256566C48}.Release|x86.ActiveCfg = Release|Any CPU
		{10261973-4792-413B-92DE-07F5DF4020F1}.Debug|Any CPU.ActiveCfg = Debug|x86
		{10261973-4792-413B-92DE-07F5DF4020F1}.Debug|Any CPU.Build.0 = Debug|x86
		{10261973-4792-413B-92DE-07F5DF4020F1}.Debug|ARM.ActiveCfg = Debug|x86
		{10261973-4792-413B-92DE-07F5DF4020F1}.Debug|Mixed Platforms.ActiveCfg = Debug|x86
		{10261973-4792-413B-92DE-07F5DF4020F1}.Debug|Mixed Platforms.Build.0 = Debug|x86
		{10261973-4792-413B-92DE-07F5DF4020F1}.Debug|x64.ActiveCfg = Debug|x86
		{10261973-4792-413B-92DE-07F5DF4020F1}.Debug|x86.ActiveCfg = Debug|x86
		{10261973-4792-413B-92DE-07F5DF4020F1}.Debug|x86.Build.0 = Debug|x86
		{10261973-4792-413B-92DE-07F5DF4020F1}.Release|Any CPU.ActiveCfg = Release|x86
		{10261973-4792-413B-92DE-07F5DF4020F1}.Release|ARM.ActiveCfg = Release|x86
		{10261973-4792-413B-92DE-07F5DF4020F1}.Release|Mixed Platforms.ActiveCfg = Release|x86
		{10261973-4792-413B-92DE-07F5DF4020F1}.Release|Mixed Platforms.Build.0 = Release|x86
		{10261973-4792-413B-92DE-07F5DF4020F1}.Release|x64.ActiveCfg = Release|x86
		{10261973-4792-413B-92DE-07F5DF4020F1}.Release|x86.ActiveCfg = Release|x86
		{10261973-4792-413B-92DE-07F5DF4020F1}.Release|x86.Build.0 = Release|x86
		{00C8E55A-EE70-404A-A472-2595AAE4DF36}.Debug|Any CPU.ActiveCfg = Debug|x86
		{00C8E55A-EE70-404A-A472-2595AAE4DF36}.Debug|Any CPU.Build.0 = Debug|x86
		{00C8E55A-EE70-404A-A472-2595AAE4DF36}.Debug|ARM.ActiveCfg = Debug|x86
		{00C8E55A-EE70-404A-A472-2595AAE4DF36}.Debug|Mixed Platforms.ActiveCfg = Debug|x86
		{00C8E55A-EE70-404A-A472-2595AAE4DF36}.Debug|x64.ActiveCfg = Debug|x86
		{00C8E55A-EE70-404A-A472-2595AAE4DF36}.Debug|x86.ActiveCfg = Debug|x86
		{00C8E55A-EE70-404A-A472-2595AAE4DF36}.Release|Any CPU.ActiveCfg = Release|x86
		{00C8E55A-EE70-404A-A472-2595AAE4DF36}.Release|ARM.ActiveCfg = Release|x86
		{00C8E55A-EE70-404A-A472-2595AAE4DF36}.Release|Mixed Platforms.ActiveCfg = Release|x86
		{00C8E55A-EE70-404A-A472-2595AAE4DF36}.Release|x64.ActiveCfg = Release|x86
		{00C8E55A-EE70-404A-A472-2595AAE4DF36}.Release|x86.ActiveCfg = Release|x86
		{5A6F7B4D-B262-4FD8-8CB0-82CAA4CDCD71}.Debug|Any CPU.ActiveCfg = Debug|Any CPU
		{5A6F7B4D-B262-4FD8-8CB0-82CAA4CDCD71}.Debug|Any CPU.Build.0 = Debug|Any CPU
		{5A6F7B4D-B262-4FD8-8CB0-82CAA4CDCD71}.Debug|ARM.ActiveCfg = Debug|Any CPU
		{5A6F7B4D-B262-4FD8-8CB0-82CAA4CDCD71}.Debug|Mixed Platforms.ActiveCfg = Debug|Any CPU
		{5A6F7B4D-B262-4FD8-8CB0-82CAA4CDCD71}.Debug|Mixed Platforms.Build.0 = Debug|Any CPU
		{5A6F7B4D-B262-4FD8-8CB0-82CAA4CDCD71}.Debug|x64.ActiveCfg = Debug|Any CPU
		{5A6F7B4D-B262-4FD8-8CB0-82CAA4CDCD71}.Debug|x86.ActiveCfg = Debug|Any CPU
		{5A6F7B4D-B262-4FD8-8CB0-82CAA4CDCD71}.Release|Any CPU.ActiveCfg = Release|Any CPU
		{5A6F7B4D-B262-4FD8-8CB0-82CAA4CDCD71}.Release|Any CPU.Build.0 = Release|Any CPU
		{5A6F7B4D-B262-4FD8-8CB0-82CAA4CDCD71}.Release|ARM.ActiveCfg = Release|Any CPU
		{5A6F7B4D-B262-4FD8-8CB0-82CAA4CDCD71}.Release|Mixed Platforms.ActiveCfg = Release|Any CPU
		{5A6F7B4D-B262-4FD8-8CB0-82CAA4CDCD71}.Release|Mixed Platforms.Build.0 = Release|Any CPU
		{5A6F7B4D-B262-4FD8-8CB0-82CAA4CDCD71}.Release|x64.ActiveCfg = Release|Any CPU
		{5A6F7B4D-B262-4FD8-8CB0-82CAA4CDCD71}.Release|x86.ActiveCfg = Release|Any CPU
	EndGlobalSection
	GlobalSection(SolutionProperties) = preSolution
		HideSolutionNode = FALSE
	EndGlobalSection
EndGlobal
